<Solution>
  <Project Path="ProjektGUI/ProjektGUI.csproj" Id="f9b3e954-91ae-40fe-970b-2b047ecc799c" />
  <Project Path="SystemBiletowLotniczych.Tests/SystemBiletowLotniczych.Tests.csproj" Id="40954cfb-a048-4d93-ac61-c1ba3406ba13" />
  <Project Path="SystemBiletowLotniczych/SystemBiletowLotniczych.csproj" />
</Solution>
